github.com/zetxek/adritian-free-hugo-theme v1.5.1-0.20250127105917-f21f2a9ba93f h1:+s+af6D9bKwvoWEbJvIBQQK5PnlSxZPwBKvs4nFpr9g=
github.com/zetxek/adritian-free-hugo-theme v1.5.1-0.20250127105917-f21f2a9ba93f/go.mod h1:RZxMuUPx+AJwqABiHDQWSVEskypgZCqZ0MwOgCvA6o0=
github.com/zetxek/adritian-free-hugo-theme v1.5.1-0.20250127201645-e9db006f84aa h1:BQHv3lehvChY/G6WDJgQ0lF5+4rvFxoY5PN1jJq5Kmo=
github.com/zetxek/adritian-free-hugo-theme v1.5.1-0.20250127201645-e9db006f84aa/go.mod h1:RZxMuUPx+AJwqABiHDQWSVEskypgZCqZ0MwOgCvA6o0=
