github.com/zetxek/adritian-free-hugo-theme v1.6.2-0.20250223211253-0f5ccaccdd9d h1:EzeMW+A7ibs0G6qagiXtI34oz9p+e3S7cJWuSR0N1yk=
github.com/zetxek/adritian-free-hugo-theme v1.6.2-0.20250223211253-0f5ccaccdd9d/go.mod h1:RZxMuUPx+AJwqABiHDQWSVEskypgZCqZ0MwOgCvA6o0=
github.com/zetxek/adritian-free-hugo-theme v1.6.2-0.20250223212053-1fa43b865ad6 h1:KnNi4QO5/VVC1fxBsIXgCRQda96XR1K9yxOTXBxdzKY=
github.com/zetxek/adritian-free-hugo-theme v1.6.2-0.20250223212053-1fa43b865ad6/go.mod h1:RZxMuUPx+AJwqABiHDQWSVEskypgZCqZ0MwOgCvA6o0=
github.com/zetxek/adritian-free-hugo-theme v1.6.2-0.20250226194042-d9261eab5cec h1:cV6iY0bePCO35C8VDAtfS10DDrQQZOKFmx7lTwpk64k=
github.com/zetxek/adritian-free-hugo-theme v1.6.2-0.20250226194042-d9261eab5cec/go.mod h1:RZxMuUPx+AJwqABiHDQWSVEskypgZCqZ0MwOgCvA6o0=
