github.com/zetxek/adritian-free-hugo-theme v1.5.13 h1:qyL2aZ1hU4nPyUa0b+XIx5n8acJQjKZH9jyokBUIEic=
github.com/zetxek/adritian-free-hugo-theme v1.5.13/go.mod h1:RZxMuUPx+AJwqABiHDQWSVEskypgZCqZ0MwOgCvA6o0=
github.com/zetxek/adritian-free-hugo-theme v1.6.0 h1:dWqqaUp6ayO2epBqSgnjBG83L0hjrpn2zLUIAe+F3b0=
github.com/zetxek/adritian-free-hugo-theme v1.6.0/go.mod h1:RZxMuUPx+AJwqABiHDQWSVEskypgZCqZ0MwOgCvA6o0=
